// !$*UTF8*$!
{
	archiveVersion = 1;
	classes = {
	};
	objectVersion = 46;
	objects = {

/* Begin PBXBuildFile section */
		52B56BFB1CE02E1E00FAC0E3 /* AppDelegate.swift in Sources */ = {isa = PBXBuildFile; fileRef = 52B56BFA1CE02E1E00FAC0E3 /* AppDelegate.swift */; };
		52B56BFD1CE02E1E00FAC0E3 /* ViewController.swift in Sources */ = {isa = PBXBuildFile; fileRef = 52B56BFC1CE02E1E00FAC0E3 /* ViewController.swift */; };
		52B56C001CE02E1E00FAC0E3 /* Main.storyboard in Resources */ = {isa = PBXBuildFile; fileRef = 52B56BFE1CE02E1E00FAC0E3 /* Main.storyboard */; };
		52B56C021CE02E1E00FAC0E3 /* Assets.xcassets in Resources */ = {isa = PBXBuildFile; fileRef = 52B56C011CE02E1E00FAC0E3 /* Assets.xcassets */; };
		52B56C051CE02E1E00FAC0E3 /* LaunchScreen.storyboard in Resources */ = {isa = PBXBuildFile; fileRef = 52B56C031CE02E1E00FAC0E3 /* LaunchScreen.storyboard */; };
		52B56C101CE02E1E00FAC0E3 /* LayerDemoTests.swift in Sources */ = {isa = PBXBuildFile; fileRef = 52B56C0F1CE02E1E00FAC0E3 /* LayerDemoTests.swift */; };
		52B56C1B1CE02E1E00FAC0E3 /* LayerDemoUITests.swift in Sources */ = {isa = PBXBuildFile; fileRef = 52B56C1A1CE02E1E00FAC0E3 /* LayerDemoUITests.swift */; };
		52B56C291CE03A3100FAC0E3 /* SecondViewController.swift in Sources */ = {isa = PBXBuildFile; fileRef = 52B56C281CE03A3100FAC0E3 /* SecondViewController.swift */; };
/* End PBXBuildFile section */

/* Begin PBXContainerItemProxy section */
		52B56C0C1CE02E1E00FAC0E3 /* PBXContainerItemProxy */ = {
			isa = PBXContainerItemProxy;
			containerPortal = 52B56BEF1CE02E1D00FAC0E3 /* Project object */;
			proxyType = 1;
			remoteGlobalIDString = 52B56BF61CE02E1D00FAC0E3;
			remoteInfo = LayerDemo;
		};
		52B56C171CE02E1E00FAC0E3 /* PBXContainerItemProxy */ = {
			isa = PBXContainerItemProxy;
			containerPortal = 52B56BEF1CE02E1D00FAC0E3 /* Project object */;
			proxyType = 1;
			remoteGlobalIDString = 52B56BF61CE02E1D00FAC0E3;
			remoteInfo = LayerDemo;
		};
/* End PBXContainerItemProxy section */

/* Begin PBXFileReference section */
		52B56BF71CE02E1D00FAC0E3 /* LayerDemo.app */ = {isa = PBXFileReference; explicitFileType = wrapper.application; includeInIndex = 0; path = LayerDemo.app; sourceTree = BUILT_PRODUCTS_DIR; };
		52B56BFA1CE02E1E00FAC0E3 /* AppDelegate.swift */ = {isa = PBXFileReference; lastKnownFileType = sourcecode.swift; path = AppDelegate.swift; sourceTree = "<group>"; };
		52B56BFC1CE02E1E00FAC0E3 /* ViewController.swift */ = {isa = PBXFileReference; lastKnownFileType = sourcecode.swift; path = ViewController.swift; sourceTree = "<group>"; };
		52B56BFF1CE02E1E00FAC0E3 /* Base */ = {isa = PBXFileReference; lastKnownFileType = file.storyboard; name = Base; path = Base.lproj/Main.storyboard; sourceTree = "<group>"; };
		52B56C011CE02E1E00FAC0E3 /* Assets.xcassets */ = {isa = PBXFileReference; lastKnownFileType = folder.assetcatalog; path = Assets.xcassets; sourceTree = "<group>"; };
		52B56C041CE02E1E00FAC0E3 /* Base */ = {isa = PBXFileReference; lastKnownFileType = file.storyboard; name = Base; path = Base.lproj/LaunchScreen.storyboard; sourceTree = "<group>"; };
		52B56C061CE02E1E00FAC0E3 /* Info.plist */ = {isa = PBXFileReference; lastKnownFileType = text.plist.xml; path = Info.plist; sourceTree = "<group>"; };
		52B56C0B1CE02E1E00FAC0E3 /* LayerDemoTests.xctest */ = {isa = PBXFileReference; explicitFileType = wrapper.cfbundle; includeInIndex = 0; path = LayerDemoTests.xctest; sourceTree = BUILT_PRODUCTS_DIR; };
		52B56C0F1CE02E1E00FAC0E3 /* LayerDemoTests.swift */ = {isa = PBXFileReference; lastKnownFileType = sourcecode.swift; path = LayerDemoTests.swift; sourceTree = "<group>"; };
		52B56C111CE02E1E00FAC0E3 /* Info.plist */ = {isa = PBXFileReference; lastKnownFileType = text.plist.xml; path = Info.plist; sourceTree = "<group>"; };
		52B56C161CE02E1E00FAC0E3 /* LayerDemoUITests.xctest */ = {isa = PBXFileReference; explicitFileType = wrapper.cfbundle; includeInIndex = 0; path = LayerDemoUITests.xctest; sourceTree = BUILT_PRODUCTS_DIR; };
		52B56C1A1CE02E1E00FAC0E3 /* LayerDemoUITests.swift */ = {isa = PBXFileReference; lastKnownFileType = sourcecode.swift; path = LayerDemoUITests.swift; sourceTree = "<group>"; };
		52B56C1C1CE02E1E00FAC0E3 /* Info.plist */ = {isa = PBXFileReference; lastKnownFileType = text.plist.xml; path = Info.plist; sourceTree = "<group>"; };
		52B56C281CE03A3100FAC0E3 /* SecondViewController.swift */ = {isa = PBXFileReference; fileEncoding = 4; lastKnownFileType = sourcecode.swift; path = SecondViewController.swift; sourceTree = "<group>"; };
/* End PBXFileReference section */

/* Begin PBXFrameworksBuildPhase section */
		52B56BF41CE02E1D00FAC0E3 /* Frameworks */ = {
			isa = PBXFrameworksBuildPhase;
			buildActionMask = 2147483647;
			files = (
			);
			runOnlyForDeploymentPostprocessing = 0;
		};
		52B56C081CE02E1E00FAC0E3 /* Frameworks */ = {
			isa = PBXFrameworksBuildPhase;
			buildActionMask = 2147483647;
			files = (
			);
			runOnlyForDeploymentPostprocessing = 0;
		};
		52B56C131CE02E1E00FAC0E3 /* Frameworks */ = {
			isa = PBXFrameworksBuildPhase;
			buildActionMask = 2147483647;
			files = (
			);
			runOnlyForDeploymentPostprocessing = 0;
		};
/* End PBXFrameworksBuildPhase section */

/* Begin PBXGroup section */
		52B56BEE1CE02E1D00FAC0E3 = {
			isa = PBXGroup;
			children = (
				52B56BF91CE02E1E00FAC0E3 /* LayerDemo */,
				52B56C0E1CE02E1E00FAC0E3 /* LayerDemoTests */,
				52B56C191CE02E1E00FAC0E3 /* LayerDemoUITests */,
				52B56BF81CE02E1D00FAC0E3 /* Products */,
			);
			sourceTree = "<group>";
		};
		52B56BF81CE02E1D00FAC0E3 /* Products */ = {
			isa = PBXGroup;
			children = (
				52B56BF71CE02E1D00FAC0E3 /* LayerDemo.app */,
				52B56C0B1CE02E1E00FAC0E3 /* LayerDemoTests.xctest */,
				52B56C161CE02E1E00FAC0E3 /* LayerDemoUITests.xctest */,
			);
			name = Products;
			sourceTree = "<group>";
		};
		52B56BF91CE02E1E00FAC0E3 /* LayerDemo */ = {
			isa = PBXGroup;
			children = (
				52B56BFA1CE02E1E00FAC0E3 /* AppDelegate.swift */,
				52B56BFC1CE02E1E00FAC0E3 /* ViewController.swift */,
				52B56C281CE03A3100FAC0E3 /* SecondViewController.swift */,
				52B56BFE1CE02E1E00FAC0E3 /* Main.storyboard */,
				52B56C011CE02E1E00FAC0E3 /* Assets.xcassets */,
				52B56C031CE02E1E00FAC0E3 /* LaunchScreen.storyboard */,
				52B56C061CE02E1E00FAC0E3 /* Info.plist */,
			);
			path = LayerDemo;
			sourceTree = "<group>";
		};
		52B56C0E1CE02E1E00FAC0E3 /* LayerDemoTests */ = {
			isa = PBXGroup;
			children = (
				52B56C0F1CE02E1E00FAC0E3 /* LayerDemoTests.swift */,
				52B56C111CE02E1E00FAC0E3 /* Info.plist */,
			);
			path = LayerDemoTests;
			sourceTree = "<group>";
		};
		52B56C191CE02E1E00FAC0E3 /* LayerDemoUITests */ = {
			isa = PBXGroup;
			children = (
				52B56C1A1CE02E1E00FAC0E3 /* LayerDemoUITests.swift */,
				52B56C1C1CE02E1E00FAC0E3 /* Info.plist */,
			);
			path = LayerDemoUITests;
			sourceTree = "<group>";
		};
/* End PBXGroup section */

/* Begin PBXNativeTarget section */
		52B56BF61CE02E1D00FAC0E3 /* LayerDemo */ = {
			isa = PBXNativeTarget;
			buildConfigurationList = 52B56C1F1CE02E1E00FAC0E3 /* Build configuration list for PBXNativeTarget "LayerDemo" */;
			buildPhases = (
				52B56BF31CE02E1D00FAC0E3 /* Sources */,
				52B56BF41CE02E1D00FAC0E3 /* Frameworks */,
				52B56BF51CE02E1D00FAC0E3 /* Resources */,
			);
			buildRules = (
			);
			dependencies = (
			);
			name = LayerDemo;
			productName = LayerDemo;
			productReference = 52B56BF71CE02E1D00FAC0E3 /* LayerDemo.app */;
			productType = "com.apple.product-type.application";
		};
		52B56C0A1CE02E1E00FAC0E3 /* LayerDemoTests */ = {
			isa = PBXNativeTarget;
			buildConfigurationList = 52B56C221CE02E1E00FAC0E3 /* Build configuration list for PBXNativeTarget "LayerDemoTests" */;
			buildPhases = (
				52B56C071CE02E1E00FAC0E3 /* Sources */,
				52B56C081CE02E1E00FAC0E3 /* Frameworks */,
				52B56C091CE02E1E00FAC0E3 /* Resources */,
			);
			buildRules = (
			);
			dependencies = (
				52B56C0D1CE02E1E00FAC0E3 /* PBXTargetDependency */,
			);
			name = LayerDemoTests;
			productName = LayerDemoTests;
			productReference = 52B56C0B1CE02E1E00FAC0E3 /* LayerDemoTests.xctest */;
			productType = "com.apple.product-type.bundle.unit-test";
		};
		52B56C151CE02E1E00FAC0E3 /* LayerDemoUITests */ = {
			isa = PBXNativeTarget;
			buildConfigurationList = 52B56C251CE02E1E00FAC0E3 /* Build configuration list for PBXNativeTarget "LayerDemoUITests" */;
			buildPhases = (
				52B56C121CE02E1E00FAC0E3 /* Sources */,
				52B56C131CE02E1E00FAC0E3 /* Frameworks */,
				52B56C141CE02E1E00FAC0E3 /* Resources */,
			);
			buildRules = (
			);
			dependencies = (
				52B56C181CE02E1E00FAC0E3 /* PBXTargetDependency */,
			);
			name = LayerDemoUITests;
			productName = LayerDemoUITests;
			productReference = 52B56C161CE02E1E00FAC0E3 /* LayerDemoUITests.xctest */;
			productType = "com.apple.product-type.bundle.ui-testing";
		};
/* End PBXNativeTarget section */

/* Begin PBXProject section */
		52B56BEF1CE02E1D00FAC0E3 /* Project object */ = {
			isa = PBXProject;
			attributes = {
				LastSwiftUpdateCheck = 0730;
				LastUpgradeCheck = 0730;
				ORGANIZATIONNAME = jhon;
				TargetAttributes = {
					52B56BF61CE02E1D00FAC0E3 = {
						CreatedOnToolsVersion = 7.3.1;
					};
					52B56C0A1CE02E1E00FAC0E3 = {
						CreatedOnToolsVersion = 7.3.1;
						TestTargetID = 52B56BF61CE02E1D00FAC0E3;
					};
					52B56C151CE02E1E00FAC0E3 = {
						CreatedOnToolsVersion = 7.3.1;
						TestTargetID = 52B56BF61CE02E1D00FAC0E3;
					};
				};
			};
			buildConfigurationList = 52B56BF21CE02E1D00FAC0E3 /* Build configuration list for PBXProject "LayerDemo" */;
			compatibilityVersion = "Xcode 3.2";
			developmentRegion = English;
			hasScannedForEncodings = 0;
			knownRegions = (
				en,
				Base,
			);
			mainGroup = 52B56BEE1CE02E1D00FAC0E3;
			productRefGroup = 52B56BF81CE02E1D00FAC0E3 /* Products */;
			projectDirPath = "";
			projectRoot = "";
			targets = (
				52B56BF61CE02E1D00FAC0E3 /* LayerDemo */,
				52B56C0A1CE02E1E00FAC0E3 /* LayerDemoTests */,
				52B56C151CE02E1E00FAC0E3 /* LayerDemoUITests */,
			);
		};
/* End PBXProject section */

/* Begin PBXResourcesBuildPhase section */
		52B56BF51CE02E1D00FAC0E3 /* Resources */ = {
			isa = PBXResourcesBuildPhase;
			buildActionMask = 2147483647;
			files = (
				52B56C051CE02E1E00FAC0E3 /* LaunchScreen.storyboard in Resources */,
				52B56C021CE02E1E00FAC0E3 /* Assets.xcassets in Resources */,
				52B56C001CE02E1E00FAC0E3 /* Main.storyboard in Resources */,
			);
			runOnlyForDeploymentPostprocessing = 0;
		};
		52B56C091CE02E1E00FAC0E3 /* Resources */ = {
			isa = PBXResourcesBuildPhase;
			buildActionMask = 2147483647;
			files = (
			);
			runOnlyForDeploymentPostprocessing = 0;
		};
		52B56C141CE02E1E00FAC0E3 /* Resources */ = {
			isa = PBXResourcesBuildPhase;
			buildActionMask = 2147483647;
			files = (
			);
			runOnlyForDeploymentPostprocessing = 0;
		};
/* End PBXResourcesBuildPhase section */

/* Begin PBXSourcesBuildPhase section */
		52B56BF31CE02E1D00FAC0E3 /* Sources */ = {
			isa = PBXSourcesBuildPhase;
			buildActionMask = 2147483647;
			files = (
				52B56C291CE03A3100FAC0E3 /* SecondViewController.swift in Sources */,
				52B56BFD1CE02E1E00FAC0E3 /* ViewController.swift in Sources */,
				52B56BFB1CE02E1E00FAC0E3 /* AppDelegate.swift in Sources */,
			);
			runOnlyForDeploymentPostprocessing = 0;
		};
		52B56C071CE02E1E00FAC0E3 /* Sources */ = {
			isa = PBXSourcesBuildPhase;
			buildActionMask = 2147483647;
			files = (
				52B56C101CE02E1E00FAC0E3 /* LayerDemoTests.swift in Sources */,
			);
			runOnlyForDeploymentPostprocessing = 0;
		};
		52B56C121CE02E1E00FAC0E3 /* Sources */ = {
			isa = PBXSourcesBuildPhase;
			buildActionMask = 2147483647;
			files = (
				52B56C1B1CE02E1E00FAC0E3 /* LayerDemoUITests.swift in Sources */,
			);
			runOnlyForDeploymentPostprocessing = 0;
		};
/* End PBXSourcesBuildPhase section */

/* Begin PBXTargetDependency section */
		52B56C0D1CE02E1E00FAC0E3 /* PBXTargetDependency */ = {
			isa = PBXTargetDependency;
			target = 52B56BF61CE02E1D00FAC0E3 /* LayerDemo */;
			targetProxy = 52B56C0C1CE02E1E00FAC0E3 /* PBXContainerItemProxy */;
		};
		52B56C181CE02E1E00FAC0E3 /* PBXTargetDependency */ = {
			isa = PBXTargetDependency;
			target = 52B56BF61CE02E1D00FAC0E3 /* LayerDemo */;
			targetProxy = 52B56C171CE02E1E00FAC0E3 /* PBXContainerItemProxy */;
		};
/* End PBXTargetDependency section */

/* Begin PBXVariantGroup section */
		52B56BFE1CE02E1E00FAC0E3 /* Main.storyboard */ = {
			isa = PBXVariantGroup;
			children = (
				52B56BFF1CE02E1E00FAC0E3 /* Base */,
			);
			name = Main.storyboard;
			sourceTree = "<group>";
		};
		52B56C031CE02E1E00FAC0E3 /* LaunchScreen.storyboard */ = {
			isa = PBXVariantGroup;
			children = (
				52B56C041CE02E1E00FAC0E3 /* Base */,
			);
			name = LaunchScreen.storyboard;
			sourceTree = "<group>";
		};
/* End PBXVariantGroup section */

/* Begin XCBuildConfiguration section */
		52B56C1D1CE02E1E00FAC0E3 /* Debug */ = {
			isa = XCBuildConfiguration;
			buildSettings = {
				ALWAYS_SEARCH_USER_PATHS = NO;
				CLANG_ANALYZER_NONNULL = YES;
				CLANG_CXX_LANGUAGE_STANDARD = "gnu++0x";
				CLANG_CXX_LIBRARY = "libc++";
				CLANG_ENABLE_MODULES = YES;
				CLANG_ENABLE_OBJC_ARC = YES;
				CLANG_WARN_BOOL_CONVERSION = YES;
				CLANG_WARN_CONSTANT_CONVERSION = YES;
				CLANG_WARN_DIRECT_OBJC_ISA_USAGE = YES_ERROR;
				CLANG_WARN_EMPTY_BODY = YES;
				CLANG_WARN_ENUM_CONVERSION = YES;
				CLANG_WARN_INT_CONVERSION = YES;
				CLANG_WARN_OBJC_ROOT_CLASS = YES_ERROR;
				CLANG_WARN_UNREACHABLE_CODE = YES;
				CLANG_WARN__DUPLICATE_METHOD_MATCH = YES;
				"CODE_SIGN_IDENTITY[sdk=iphoneos*]" = "iPhone Developer";
				COPY_PHASE_STRIP = NO;
				DEBUG_INFORMATION_FORMAT = dwarf;
				ENABLE_STRICT_OBJC_MSGSEND = YES;
				ENABLE_TESTABILITY = YES;
				GCC_C_LANGUAGE_STANDARD = gnu99;
				GCC_DYNAMIC_NO_PIC = NO;
				GCC_NO_COMMON_BLOCKS = YES;
				GCC_OPTIMIZATION_LEVEL = 0;
				GCC_PREPROCESSOR_DEFINITIONS = (
					"DEBUG=1",
					"$(inherited)",
				);
				GCC_WARN_64_TO_32_BIT_CONVERSION = YES;
				GCC_WARN_ABOUT_RETURN_TYPE = YES_ERROR;
				GCC_WARN_UNDECLARED_SELECTOR = YES;
				GCC_WARN_UNINITIALIZED_AUTOS = YES_AGGRESSIVE;
				GCC_WARN_UNUSED_FUNCTION = YES;
				GCC_WARN_UNUSED_VARIABLE = YES;
				IPHONEOS_DEPLOYMENT_TARGET = 9.3;
				MTL_ENABLE_DEBUG_INFO = YES;
				ONLY_ACTIVE_ARCH = YES;
				SDKROOT = iphoneos;
				SWIFT_OPTIMIZATION_LEVEL = "-Onone";
				TARGETED_DEVICE_FAMILY = "1,2";
			};
			name = Debug;
		};
		52B56C1E1CE02E1E00FAC0E3 /* Release */ = {
			isa = XCBuildConfiguration;
			buildSettings = {
				ALWAYS_SEARCH_USER_PATHS = NO;
				CLANG_ANALYZER_NONNULL = YES;
				CLANG_CXX_LANGUAGE_STANDARD = "gnu++0x";
				CLANG_CXX_LIBRARY = "libc++";
				CLANG_ENABLE_MODULES = YES;
				CLANG_ENABLE_OBJC_ARC = YES;
				CLANG_WARN_BOOL_CONVERSION = YES;
				CLANG_WARN_CONSTANT_CONVERSION = YES;
				CLANG_WARN_DIRECT_OBJC_ISA_USAGE = YES_ERROR;
				CLANG_WARN_EMPTY_BODY = YES;
				CLANG_WARN_ENUM_CONVERSION = YES;
				CLANG_WARN_INT_CONVERSION = YES;
				CLANG_WARN_OBJC_ROOT_CLASS = YES_ERROR;
				CLANG_WARN_UNREACHABLE_CODE = YES;
				CLANG_WARN__DUPLICATE_METHOD_MATCH = YES;
				"CODE_SIGN_IDENTITY[sdk=iphoneos*]" = "iPhone Developer";
				COPY_PHASE_STRIP = NO;
				DEBUG_INFORMATION_FORMAT = "dwarf-with-dsym";
				ENABLE_NS_ASSERTIONS = NO;
				ENABLE_STRICT_OBJC_MSGSEND = YES;
				GCC_C_LANGUAGE_STANDARD = gnu99;
				GCC_NO_COMMON_BLOCKS = YES;
				GCC_WARN_64_TO_32_BIT_CONVERSION = YES;
				GCC_WARN_ABOUT_RETURN_TYPE = YES_ERROR;
				GCC_WARN_UNDECLARED_SELECTOR = YES;
				GCC_WARN_UNINITIALIZED_AUTOS = YES_AGGRESSIVE;
				GCC_WARN_UNUSED_FUNCTION = YES;
				GCC_WARN_UNUSED_VARIABLE = YES;
				IPHONEOS_DEPLOYMENT_TARGET = 9.3;
				MTL_ENABLE_DEBUG_INFO = NO;
				SDKROOT = iphoneos;
				TARGETED_DEVICE_FAMILY = "1,2";
				VALIDATE_PRODUCT = YES;
			};
			name = Release;
		};
		52B56C201CE02E1E00FAC0E3 /* Debug */ = {
			isa = XCBuildConfiguration;
			buildSettings = {
				ASSETCATALOG_COMPILER_APPICON_NAME = AppIcon;
				INFOPLIST_FILE = LayerDemo/Info.plist;
				LD_RUNPATH_SEARCH_PATHS = "$(inherited) @executable_path/Frameworks";
				PRODUCT_BUNDLE_IDENTIFIER = com.lixiaotao.LayerDemo;
				PRODUCT_NAME = "$(TARGET_NAME)";
			};
			name = Debug;
		};
		52B56C211CE02E1E00FAC0E3 /* Release */ = {
			isa = XCBuildConfiguration;
			buildSettings = {
				ASSETCATALOG_COMPILER_APPICON_NAME = AppIcon;
				INFOPLIST_FILE = LayerDemo/Info.plist;
				LD_RUNPATH_SEARCH_PATHS = "$(inherited) @executable_path/Frameworks";
				PRODUCT_BUNDLE_IDENTIFIER = com.lixiaotao.LayerDemo;
				PRODUCT_NAME = "$(TARGET_NAME)";
			};
			name = Release;
		};
		52B56C231CE02E1E00FAC0E3 /* Debug */ = {
			isa = XCBuildConfiguration;
			buildSettings = {
				BUNDLE_LOADER = "$(TEST_HOST)";
				INFOPLIST_FILE = LayerDemoTests/Info.plist;
				LD_RUNPATH_SEARCH_PATHS = "$(inherited) @executable_path/Frameworks @loader_path/Frameworks";
				PRODUCT_BUNDLE_IDENTIFIER = com.lixiaotao.LayerDemoTests;
				PRODUCT_NAME = "$(TARGET_NAME)";
				TEST_HOST = "$(BUILT_PRODUCTS_DIR)/LayerDemo.app/LayerDemo";
			};
			name = Debug;
		};
		52B56C241CE02E1E00FAC0E3 /* Release */ = {
			isa = XCBuildConfiguration;
			buildSettings = {
				BUNDLE_LOADER = "$(TEST_HOST)";
				INFOPLIST_FILE = LayerDemoTests/Info.plist;
				LD_RUNPATH_SEARCH_PATHS = "$(inherited) @executable_path/Frameworks @loader_path/Frameworks";
				PRODUCT_BUNDLE_IDENTIFIER = com.lixiaotao.LayerDemoTests;
				PRODUCT_NAME = "$(TARGET_NAME)";
				TEST_HOST = "$(BUILT_PRODUCTS_DIR)/LayerDemo.app/LayerDemo";
			};
			name = Release;
		};
		52B56C261CE02E1E00FAC0E3 /* Debug */ = {
			isa = XCBuildConfiguration;
			buildSettings = {
				INFOPLIST_FILE = LayerDemoUITests/Info.plist;
				LD_RUNPATH_SEARCH_PATHS = "$(inherited) @executable_path/Frameworks @loader_path/Frameworks";
				PRODUCT_BUNDLE_IDENTIFIER = com.lixiaotao.LayerDemoUITests;
				PRODUCT_NAME = "$(TARGET_NAME)";
				TEST_TARGET_NAME = LayerDemo;
			};
			name = Debug;
		};
		52B56C271CE02E1E00FAC0E3 /* Release */ = {
			isa = XCBuildConfiguration;
			buildSettings = {
				INFOPLIST_FILE = LayerDemoUITests/Info.plist;
				LD_RUNPATH_SEARCH_PATHS = "$(inherited) @executable_path/Frameworks @loader_path/Frameworks";
				PRODUCT_BUNDLE_IDENTIFIER = com.lixiaotao.LayerDemoUITests;
				PRODUCT_NAME = "$(TARGET_NAME)";
				TEST_TARGET_NAME = LayerDemo;
			};
			name = Release;
		};
/* End XCBuildConfiguration section */

/* Begin XCConfigurationList section */
		52B56BF21CE02E1D00FAC0E3 /* Build configuration list for PBXProject "LayerDemo" */ = {
			isa = XCConfigurationList;
			buildConfigurations = (
				52B56C1D1CE02E1E00FAC0E3 /* Debug */,
				52B56C1E1CE02E1E00FAC0E3 /* Release */,
			);
			defaultConfigurationIsVisible = 0;
			defaultConfigurationName = Release;
		};
		52B56C1F1CE02E1E00FAC0E3 /* Build configuration list for PBXNativeTarget "LayerDemo" */ = {
			isa = XCConfigurationList;
			buildConfigurations = (
				52B56C201CE02E1E00FAC0E3 /* Debug */,
				52B56C211CE02E1E00FAC0E3 /* Release */,
			);
			defaultConfigurationIsVisible = 0;
		};
		52B56C221CE02E1E00FAC0E3 /* Build configuration list for PBXNativeTarget "LayerDemoTests" */ = {
			isa = XCConfigurationList;
			buildConfigurations = (
				52B56C231CE02E1E00FAC0E3 /* Debug */,
				52B56C241CE02E1E00FAC0E3 /* Release */,
			);
			defaultConfigurationIsVisible = 0;
		};
		52B56C251CE02E1E00FAC0E3 /* Build configuration list for PBXNativeTarget "LayerDemoUITests" */ = {
			isa = XCConfigurationList;
			buildConfigurations = (
				52B56C261CE02E1E00FAC0E3 /* Debug */,
				52B56C271CE02E1E00FAC0E3 /* Release */,
			);
			defaultConfigurationIsVisible = 0;
		};
/* End XCConfigurationList section */
	};
	rootObject = 52B56BEF1CE02E1D00FAC0E3 /* Project object */;
}
